
Microsoft Visual Studio Solution File, Format Version 12.00
# Visual Studio Version 16
VisualStudioVersion = 16.0.31424.327
MinimumVisualStudioVersion = 10.0.40219.1
Project("{9A19103F-16F7-4668-BE54-9A1E7A4F7556}") = "Dapps.CqrsCore", "Dapps.CqrsCore\Dapps.CqrsCore.csproj", "{58B365D1-E55C-4882-8B45-1F087C0AC07B}"
EndProject
Project("{9A19103F-16F7-4668-BE54-9A1E7A4F7556}") = "Dapps.CqrsCore.Persistence", "Dapps.CqrsCore.Persistance\Dapps.CqrsCore.Persistence.csproj", "{FF758353-9F6D-447F-BA7C-6A9B1C916999}"
EndProject
Project("{9A19103F-16F7-4668-BE54-9A1E7A4F7556}") = "Dapps.CqrsCore.AspNetCore", "Dapps.CqrsCore.AspNetCore\Dapps.CqrsCore.AspNetCore.csproj", "{1F2CB86F-75BA-4CAE-A318-F16BC852726D}"
EndProject
Project("{2150E333-8FDC-42A3-9474-1A3956D46DE8}") = "Sample", "Sample", "{9591AD24-CDC0-4C07-8241-D2CA3F2947F1}"
EndProject
Project("{9A19103F-16F7-4668-BE54-9A1E7A4F7556}") = "Dapps.CqrsSample", "Dapps.CqrsSample\Dapps.CqrsSample.csproj", "{A9FA4951-55C0-4A25-AE9F-5139F7792125}"
EndProject
Global
	GlobalSection(SolutionConfigurationPlatforms) = preSolution
		Debug|Any CPU = Debug|Any CPU
		Release|Any CPU = Release|Any CPU
	EndGlobalSection
	GlobalSection(ProjectConfigurationPlatforms) = postSolution
		{58B365D1-E55C-4882-8B45-1F087C0AC07B}.Debug|Any CPU.ActiveCfg = Debug|Any CPU
		{58B365D1-E55C-4882-8B45-1F087C0AC07B}.Debug|Any CPU.Build.0 = Debug|Any CPU
		{58B365D1-E55C-4882-8B45-1F087C0AC07B}.Release|Any CPU.ActiveCfg = Release|Any CPU
		{58B365D1-E55C-4882-8B45-1F087C0AC07B}.Release|Any CPU.Build.0 = Release|Any CPU
		{FF758353-9F6D-447F-BA7C-6A9B1C916999}.Debug|Any CPU.ActiveCfg = Debug|Any CPU
		{FF758353-9F6D-447F-BA7C-6A9B1C916999}.Debug|Any CPU.Build.0 = Debug|Any CPU
		{FF758353-9F6D-447F-BA7C-6A9B1C916999}.Release|Any CPU.ActiveCfg = Release|Any CPU
		{FF758353-9F6D-447F-BA7C-6A9B1C916999}.Release|Any CPU.Build.0 = Release|Any CPU
		{1F2CB86F-75BA-4CAE-A318-F16BC852726D}.Debug|Any CPU.ActiveCfg = Debug|Any CPU
		{1F2CB86F-75BA-4CAE-A318-F16BC852726D}.Debug|Any CPU.Build.0 = Debug|Any CPU
		{1F2CB86F-75BA-4CAE-A318-F16BC852726D}.Release|Any CPU.ActiveCfg = Release|Any CPU
		{1F2CB86F-75BA-4CAE-A318-F16BC852726D}.Release|Any CPU.Build.0 = Release|Any CPU
		{A9FA4951-55C0-4A25-AE9F-5139F7792125}.Debug|Any CPU.ActiveCfg = Debug|Any CPU
		{A9FA4951-55C0-4A25-AE9F-5139F7792125}.Debug|Any CPU.Build.0 = Debug|Any CPU
		{A9FA4951-55C0-4A25-AE9F-5139F7792125}.Release|Any CPU.ActiveCfg = Release|Any CPU
		{A9FA4951-55C0-4A25-AE9F-5139F7792125}.Release|Any CPU.Build.0 = Release|Any CPU
	EndGlobalSection
	GlobalSection(SolutionProperties) = preSolution
		HideSolutionNode = FALSE
	EndGlobalSection
	GlobalSection(NestedProjects) = preSolution
		{A9FA4951-55C0-4A25-AE9F-5139F7792125} = {9591AD24-CDC0-4C07-8241-D2CA3F2947F1}
	EndGlobalSection
	GlobalSection(ExtensibilityGlobals) = postSolution
		SolutionGuid = {32E6715C-C917-4872-BEB2-E65ADD5DEF0B}
	EndGlobalSection
EndGlobal
